<?xml version="1.0" encoding="UTF-8" standalone="yes" ?>
<CodeBlocks_project_file>
	<FileVersion major="1" minor="6" />
	<Project>
		<Option title="Interface" />
		<Option pch_mode="2" />
		<Option compiler="gcc" />
		<Build>
			<Target title="Debug">
				<Option output="bin/Debug/Interface" prefix_auto="1" extension_auto="1" />
				<Option object_output="obj/Debug/" />
				<Option type="1" />
				<Option compiler="gcc" />
				<Compiler>
					<Add option="-g" />
				</Compiler>
			</Target>
			<Target title="Release">
				<Option output="bin/Release/Interface" prefix_auto="1" extension_auto="1" />
				<Option object_output="obj/Release/" />
				<Option type="1" />
				<Option compiler="gcc" />
				<Compiler>
					<Add option="-O2" />
				</Compiler>
				<Linker>
					<Add option="-s" />
				</Linker>
			</Target>
		</Build>
		<Compiler>
			<Add option="-Wall" />
			<Add option="-fexceptions" />
		</Compiler>
		<Unit filename="../Projeto/apresentacao/IUCarteira.cpp" />
		<Unit filename="../Projeto/apresentacao/IUCarteira.hpp" />
		<Unit filename="../Projeto/apresentacao/IUConta.cpp" />
		<Unit filename="../Projeto/apresentacao/IUConta.hpp" />
		<Unit filename="../Projeto/apresentacao/IUOrdem.cpp" />
		<Unit filename="../Projeto/apresentacao/IUOrdem.hpp" />
		<Unit filename="../Projeto/dominio/Conta.cpp" />
		<Unit filename="../Projeto/dominio/Conta.hpp" />
		<Unit filename="../Projeto/main.cpp" />
		<Unit filename="../Projeto/repositorio/RepositorioConta.cpp" />
		<Unit filename="../Projeto/repositorio/RepositorioConta.hpp" />
		<Unit filename="../Projeto/servico/ServicoConta.cpp" />
		<Unit filename="../Projeto/servico/ServicoConta.hpp" />
		<Unit filename="../Projeto/util/Util.hpp" />
		<Unit filename="../Projeto/validacao/Validador.cpp" />
		<Unit filename="../Projeto/validacao/Validador.hpp" />
		<Extensions>
			<lib_finder disable_auto="1" />
		</Extensions>
	</Project>
</CodeBlocks_project_file>
